{
  "name": "vue-test",
  "version": "0.1.0",
  "lockfileVersion": 1,
  "requires": true,
  "dependencies": {
    "@babel/core": {
      "version": "7.7.5",
      "resolved": "https://registry.npmjs.org/@babel/core/-/core-7.7.5.tgz",
      "integrity": "sha512-M42+ScN4+1S9iB6f+TL7QBpoQETxbclx+KNoKJABghnKYE+fMzSGqst0BZJc8CpI625bwPwYgUyRvxZ+0mZzpw==",
      "dependencies": {
        "debug": {
          "version": "4.1.1",
          "resolved": "https://registry.npmjs.org/debug/-/debug-4.1.1.tgz",
          "integrity": "sha512-pYAIzeRo8J6KPEaJ0VWOh5Pzkbw/RetuzehGM7QRRX5he4fPHx2rdKMB256ehJCkX+XRQm16eZLqLNS8RSZXZw=="
        },
        "json5": {
          "version": "2.1.1",
          "resolved": "https://registry.npmjs.org/json5/-/json5-2.1.1.tgz",
          "integrity": "sha512-l+3HXD0GEI3huGq1njuqtzYK8OYJyXMkOLtQ53pjWh89tvWS2h6l+1zMkYWqlb57+SiQodKZyvMEFb2X+KrFhQ=="
        },
        "source-map": {
          "version": "0.5.7",
          "resolved": "https://registry.npmjs.org/source-map/-/source-map-0.5.7.tgz",
          "integrity": "sha1-igOdLRAh0i0eoUyA2OpGi6LvP8w="
        }
      }
    },
    "@vue/cli-plugin-babel": {
      "version": "4.1.1",
      "resolved": "https://registry.npmjs.org/@vue/cli-plugin-babel/-/cli-plugin-babel-4.1.1.tgz",
      "integrity": "sha512-1TyuKEFFlEQwXvVohhUTJEa85o29Z4F62p1nzR+EIMOudo9tHaO1WWPqShZ2Trehrl7cpIjul9dhRUuyhwKiaQ==",
      "dev": true
    },
    "@vue/cli-plugin-eslint": {
      "version": "4.1.1",
      "resolved": "https://registry.npmjs.org/@vue/cli-plugin-eslint/-/cli-plugin-eslint-4.1.1.tgz",
      "integrity": "sha512-7bb5idaWcXREaxVYmQ9NK31gy26Qms6cQ9ENovXQurFpsSd29+Fmqc/EkAhHhWn82gModvypIoJyOhKt21jxKg==",
      "dev": true
    },
    "@vue/cli-service": {
      "version": "4.1.1",
      "resolved": "https://registry.npmjs.org/@vue/cli-service/-/cli-service-4.1.1.tgz",
      "integrity": "sha512-woEIXXc22DXKrSO+FAFnrzhnysJcAB1UTF2t0NIPrxnngm0O2YSO0idmy01a2H/q3auMCVNQdzggQ4JWUeV7Gg==",
      "dev": true,
      "dependencies": {
        "debug": {
          "version": "4.1.1",
          "resolved": "https://registry.npmjs.org/debug/-/debug-4.1.1.tgz",
          "integrity": "sha512-pYAIzeRo8J6KPEaJ0VWOh5Pzkbw/RetuzehGM7QRRX5he4fPHx2rdKMB256ehJCkX+XRQm16eZLqLNS8RSZXZw=="
        },
        "semver": {
          "version": "6.3.0",
          "resolved": "https://registry.npmjs.org/semver/-/semver-6.3.0.tgz",
          "integrity": "sha512-b39TBaTSfV6yBrapU89p5fKekE2m/NwnDocOVruQFS1/veMgdzuPcnOM34M6CwxW8jH/lxEa5rBoDeUwu5HHTw=="
        },
        "slash": {
          "version": "3.0.0",
          "resolved": "https://registry.npmjs.org/slash/-/slash-3.0.0.tgz",
          "integrity": "sha512-g9Q1haeby36OSStwb4ntCGGGaKsaVSjQ68fBxoQcutl5fS1vuY18H3wSt3jFyFtrkx+Kz0V1G85A4MyAdDMi2Q=="
        }
      }
    },
    "axios": {
      "version": "0.21.1",
      "resolved": "https://registry.npmjs.org/axios/-/axios-0.21.1.tgz",
      "integrity": "sha512-dKQiRHxGD9PPRIUNIWvZhPTPpl1rf/OxTYKsqKUDjBwYylTvV7SjSHJb9ratfyzM6wCdLCOYLzs73qpg5c4iGA==",
      "requires": {
        "follow-redirects": "^1.10.0"
      },
      "dependencies": {
        "follow-redirects": {
          "version": "1.13.1",
          "resolved": "https://registry.npmjs.org/follow-redirects/-/follow-redirects-1.13.1.tgz",
          "integrity": "sha512-SSG5xmZh1mkPGyKzjZP8zLjltIfpW32Y5QpdNJyjcfGxK3qo3NDDkZOZSFiGn1A6SclQxY9GzEwAHQ3dmYRWpg=="
        }
      }
    },
    "babel-eslint": {
      "version": "10.0.3",
      "resolved": "https://registry.npmjs.org/babel-eslint/-/babel-eslint-10.0.3.tgz",
      "integrity": "sha512-z3U7eMY6r/3f3/JB9mTsLjyxrv0Yb1zb8PCWCLpguxfCzBIZUwy23R1t/XKewP+8mEN2Ck8Dtr4q20z6ce6SoA==",
      "dev": true
    },
    "core-js": {
      "version": "3.5.0",
      "resolved": "https://registry.npmjs.org/core-js/-/core-js-3.5.0.tgz",
      "integrity": "sha512-Ifh3kj78gzQ7NAoJXeTu+XwzDld0QRIwjBLRqAMhuLhP3d2Av5wmgE9ycfnvK6NAEjTkQ1sDPeoEZAWO3Hx1Uw=="
    },
    "eslint": {
      "version": "5.16.0",
      "resolved": "https://registry.npmjs.org/eslint/-/eslint-5.16.0.tgz",
      "integrity": "sha512-S3Rz11i7c8AA5JPv7xAH+dOyq/Cu/VXHiHXBPOU1k/JAM5dXqQPt3qcrhpHSorXmrpu2g0gkIBVXAqCpzfoZIg==",
      "dev": true,
      "dependencies": {
        "ansi-regex": {
          "version": "3.0.0",
          "resolved": "https://registry.npmjs.org/ansi-regex/-/ansi-regex-3.0.0.tgz",
          "integrity": "sha1-7QMXwyIGT3lGbAKWa922Bas32Zg="
        },
        "debug": {
          "version": "4.1.1",
          "resolved": "https://registry.npmjs.org/debug/-/debug-4.1.1.tgz",
          "integrity": "sha512-pYAIzeRo8J6KPEaJ0VWOh5Pzkbw/RetuzehGM7QRRX5he4fPHx2rdKMB256ehJCkX+XRQm16eZLqLNS8RSZXZw=="
        },
        "strip-ansi": {
          "version": "4.0.0",
          "resolved": "https://registry.npmjs.org/strip-ansi/-/strip-ansi-4.0.0.tgz",
          "integrity": "sha1-qEeQIusaw2iocTibY1JixQXuNo8="
        }
      }
    },
    "eslint-plugin-vue": {
      "version": "5.2.3",
      "resolved": "https://registry.npmjs.org/eslint-plugin-vue/-/eslint-plugin-vue-5.2.3.tgz",
      "integrity": "sha512-mGwMqbbJf0+VvpGR5Lllq0PMxvTdrZ/ZPjmhkacrCHbubJeJOt+T6E3HUzAifa2Mxi7RSdJfC9HFpOeSYVMMIw==",
      "dev": true
    },
    "firebase": {
      "version": "7.6.1",
      "resolved": "https://registry.npmjs.org/firebase/-/firebase-7.6.1.tgz",
      "integrity": "sha512-rrKp2cWmrH3gdxr+3t97t6eGye4VJTOYo6U98jvGi+OA4ZSKTSrCMXN6nZkAVOkSCvn/fgw//oHV+7VsJskB/Q=="
    },
    "sass": {
      "version": "1.23.7",
      "resolved": "https://registry.npmjs.org/sass/-/sass-1.23.7.tgz",
      "integrity": "sha512-cYgc0fanwIpi0rXisGxl+/wadVQ/HX3RhpdRcjLdj2o2ye/sxUTpAxIhbmJy3PLQgRFbf6Pn8Jsrta2vdXcoOQ==",
      "dev": true
    },
    "sass-loader": {
      "version": "8.0.0",
      "resolved": "https://registry.npmjs.org/sass-loader/-/sass-loader-8.0.0.tgz",
      "integrity": "sha512-+qeMu563PN7rPdit2+n5uuYVR0SSVwm0JsOUsaJXzgYcClWSlmX0iHDnmeOobPkf5kUglVot3QS6SyLyaQoJ4w==",
      "dev": true,
      "dependencies": {
        "schema-utils": {
          "version": "2.6.1",
          "resolved": "https://registry.npmjs.org/schema-utils/-/schema-utils-2.6.1.tgz",
          "integrity": "sha512-0WXHDs1VDJyo+Zqs9TKLKyD/h7yDpHUhEFsM2CzkICFdoX1av+GBq/J2xRTFfsQO5kBfhZzANf2VcIm84jqDbg=="
        },
        "semver": {
          "version": "6.3.0",
          "resolved": "https://registry.npmjs.org/semver/-/semver-6.3.0.tgz",
          "integrity": "sha512-b39TBaTSfV6yBrapU89p5fKekE2m/NwnDocOVruQFS1/veMgdzuPcnOM34M6CwxW8jH/lxEa5rBoDeUwu5HHTw=="
        }
      }
    },
    "v-select2-component": {
      "version": "0.4.1",
      "resolved": "https://registry.npmjs.org/v-select2-component/-/v-select2-component-0.4.1.tgz",
      "integrity": "sha512-AImt2cJGi4slsfT83fJZS9E5YRrFF0rpysuiZbQjtrqmWSp5y2CtKgrSYIdsYfP6Ulw8KKUsImYalom+7vRIOw=="
    },
    "vue": {
      "version": "2.6.11",
      "resolved": "https://registry.npmjs.org/vue/-/vue-2.6.11.tgz",
      "integrity": "sha512-VfPwgcGABbGAue9+sfrD4PuwFar7gPb1yl1UK1MwXoQPAw0BKSqWfoYCT/ThFrdEVWoI51dBuyCoiNU9bZDZxQ=="
    },
    "vue-template-compiler": {
      "version": "2.6.11",
      "resolved": "https://registry.npmjs.org/vue-template-compiler/-/vue-template-compiler-2.6.11.tgz",
      "integrity": "sha512-KIq15bvQDrcCjpGjrAhx4mUlyyHfdmTaoNfeoATHLAiWB+MU3cx4lOzMwrnUh9cCxy0Lt1T11hAFY6TQgroUAA==",
      "dev": true
    },
    "vuedraggable": {
      "version": "2.23.2",
      "resolved": "https://registry.npmjs.org/vuedraggable/-/vuedraggable-2.23.2.tgz",
      "integrity": "sha512-PgHCjUpxEAEZJq36ys49HfQmXglattf/7ofOzUrW2/rRdG7tu6fK84ir14t1jYv4kdXewTEa2ieKEAhhEMdwkQ=="
    },
    "vuex": {
      "version": "3.1.2",
      "resolved": "https://registry.npmjs.org/vuex/-/vuex-3.1.2.tgz",
      "integrity": "sha512-ha3jNLJqNhhrAemDXcmMJMKf1Zu4sybMPr9KxJIuOpVcsDQlTBYLLladav2U+g1AvdYDG5Gs0xBTb0M5pXXYFQ=="
    }
  }
}
